
Microsoft Visual Studio Solution File, Format Version 12.00
# Visual Studio Version 17
VisualStudioVersion = 17.10.34928.147
MinimumVisualStudioVersion = 10.0.40219.1
Project("{FAE04EC0-301F-11D3-BF4B-00C04F79EFBC}") = "Client", "Client.csproj", "{1507FCE6-EDC7-4730-B8BC-5096C0A17830}"
	ProjectSection(ProjectDependencies) = postProject
		{9A14ED47-629B-482E-A21F-61F2C3788258} = {9A14ED47-629B-482E-A21F-61F2C3788258}
	EndProjectSection
EndProject
Project("{FAE04EC0-301F-11D3-BF4B-00C04F79EFBC}") = "Models", "..\Models\Models.csproj", "{9A14ED47-629B-482E-A21F-61F2C3788258}"
EndProject
Project("{FAE04EC0-301F-11D3-BF4B-00C04F79EFBC}") = "Logic", "..\Logic\Logic.csproj", "{18FF6C42-B78C-4C1C-92BE-C20703976511}"
	ProjectSection(ProjectDependencies) = postProject
		{6897F2A9-A1F4-4FC9-AAC8-3003E8702AFB} = {6897F2A9-A1F4-4FC9-AAC8-3003E8702AFB}
		{9A14ED47-629B-482E-A21F-61F2C3788258} = {9A14ED47-629B-482E-A21F-61F2C3788258}
	EndProjectSection
EndProject
Project("{FAE04EC0-301F-11D3-BF4B-00C04F79EFBC}") = "Repository", "..\Repository\Repository.csproj", "{6897F2A9-A1F4-4FC9-AAC8-3003E8702AFB}"
	ProjectSection(ProjectDependencies) = postProject
		{9A14ED47-629B-482E-A21F-61F2C3788258} = {9A14ED47-629B-482E-A21F-61F2C3788258}
	EndProjectSection
EndProject
Project("{FAE04EC0-301F-11D3-BF4B-00C04F79EFBC}") = "Test", "..\Test\Test.csproj", "{50C851AB-8401-4161-9026-487B8A8FAD62}"
	ProjectSection(ProjectDependencies) = postProject
		{18FF6C42-B78C-4C1C-92BE-C20703976511} = {18FF6C42-B78C-4C1C-92BE-C20703976511}
		{6897F2A9-A1F4-4FC9-AAC8-3003E8702AFB} = {6897F2A9-A1F4-4FC9-AAC8-3003E8702AFB}
		{9A14ED47-629B-482E-A21F-61F2C3788258} = {9A14ED47-629B-482E-A21F-61F2C3788258}
	EndProjectSection
EndProject
Project("{FAE04EC0-301F-11D3-BF4B-00C04F79EFBC}") = "Endpoint", "..\Endpoint\Endpoint.csproj", "{09A9ED31-A2DC-4F33-ADAA-BD583993B6A1}"
	ProjectSection(ProjectDependencies) = postProject
		{18FF6C42-B78C-4C1C-92BE-C20703976511} = {18FF6C42-B78C-4C1C-92BE-C20703976511}
		{6897F2A9-A1F4-4FC9-AAC8-3003E8702AFB} = {6897F2A9-A1F4-4FC9-AAC8-3003E8702AFB}
		{9A14ED47-629B-482E-A21F-61F2C3788258} = {9A14ED47-629B-482E-A21F-61F2C3788258}
	EndProjectSection
EndProject
Project("{2150E333-8FDC-42A3-9474-1A3956D46DE8}") = "Backend", "Backend", "{51953520-E74D-4B8A-8F4F-C1B4763118BB}"
EndProject
Project("{2150E333-8FDC-42A3-9474-1A3956D46DE8}") = "Frontend", "Frontend", "{783EFB8F-F602-4A24-BF7D-C5DFCD204A74}"
EndProject
Project("{2150E333-8FDC-42A3-9474-1A3956D46DE8}") = "Shared", "Shared", "{D2753A3E-D44C-4430-91AB-BFAC69EAA2A6}"
EndProject
Global
	GlobalSection(SolutionConfigurationPlatforms) = preSolution
		Debug|Any CPU = Debug|Any CPU
		Release|Any CPU = Release|Any CPU
	EndGlobalSection
	GlobalSection(ProjectConfigurationPlatforms) = postSolution
		{1507FCE6-EDC7-4730-B8BC-5096C0A17830}.Debug|Any CPU.ActiveCfg = Debug|Any CPU
		{1507FCE6-EDC7-4730-B8BC-5096C0A17830}.Debug|Any CPU.Build.0 = Debug|Any CPU
		{1507FCE6-EDC7-4730-B8BC-5096C0A17830}.Release|Any CPU.ActiveCfg = Release|Any CPU
		{1507FCE6-EDC7-4730-B8BC-5096C0A17830}.Release|Any CPU.Build.0 = Release|Any CPU
		{9A14ED47-629B-482E-A21F-61F2C3788258}.Debug|Any CPU.ActiveCfg = Debug|Any CPU
		{9A14ED47-629B-482E-A21F-61F2C3788258}.Debug|Any CPU.Build.0 = Debug|Any CPU
		{9A14ED47-629B-482E-A21F-61F2C3788258}.Release|Any CPU.ActiveCfg = Release|Any CPU
		{9A14ED47-629B-482E-A21F-61F2C3788258}.Release|Any CPU.Build.0 = Release|Any CPU
		{18FF6C42-B78C-4C1C-92BE-C20703976511}.Debug|Any CPU.ActiveCfg = Debug|Any CPU
		{18FF6C42-B78C-4C1C-92BE-C20703976511}.Debug|Any CPU.Build.0 = Debug|Any CPU
		{18FF6C42-B78C-4C1C-92BE-C20703976511}.Release|Any CPU.ActiveCfg = Release|Any CPU
		{18FF6C42-B78C-4C1C-92BE-C20703976511}.Release|Any CPU.Build.0 = Release|Any CPU
		{6897F2A9-A1F4-4FC9-AAC8-3003E8702AFB}.Debug|Any CPU.ActiveCfg = Debug|Any CPU
		{6897F2A9-A1F4-4FC9-AAC8-3003E8702AFB}.Debug|Any CPU.Build.0 = Debug|Any CPU
		{6897F2A9-A1F4-4FC9-AAC8-3003E8702AFB}.Release|Any CPU.ActiveCfg = Release|Any CPU
		{6897F2A9-A1F4-4FC9-AAC8-3003E8702AFB}.Release|Any CPU.Build.0 = Release|Any CPU
		{50C851AB-8401-4161-9026-487B8A8FAD62}.Debug|Any CPU.ActiveCfg = Debug|Any CPU
		{50C851AB-8401-4161-9026-487B8A8FAD62}.Debug|Any CPU.Build.0 = Debug|Any CPU
		{50C851AB-8401-4161-9026-487B8A8FAD62}.Release|Any CPU.ActiveCfg = Release|Any CPU
		{50C851AB-8401-4161-9026-487B8A8FAD62}.Release|Any CPU.Build.0 = Release|Any CPU
		{09A9ED31-A2DC-4F33-ADAA-BD583993B6A1}.Debug|Any CPU.ActiveCfg = Debug|Any CPU
		{09A9ED31-A2DC-4F33-ADAA-BD583993B6A1}.Debug|Any CPU.Build.0 = Debug|Any CPU
		{09A9ED31-A2DC-4F33-ADAA-BD583993B6A1}.Release|Any CPU.ActiveCfg = Release|Any CPU
		{09A9ED31-A2DC-4F33-ADAA-BD583993B6A1}.Release|Any CPU.Build.0 = Release|Any CPU
	EndGlobalSection
	GlobalSection(SolutionProperties) = preSolution
		HideSolutionNode = FALSE
	EndGlobalSection
	GlobalSection(NestedProjects) = preSolution
		{1507FCE6-EDC7-4730-B8BC-5096C0A17830} = {783EFB8F-F602-4A24-BF7D-C5DFCD204A74}
		{9A14ED47-629B-482E-A21F-61F2C3788258} = {D2753A3E-D44C-4430-91AB-BFAC69EAA2A6}
		{18FF6C42-B78C-4C1C-92BE-C20703976511} = {51953520-E74D-4B8A-8F4F-C1B4763118BB}
		{6897F2A9-A1F4-4FC9-AAC8-3003E8702AFB} = {51953520-E74D-4B8A-8F4F-C1B4763118BB}
		{50C851AB-8401-4161-9026-487B8A8FAD62} = {51953520-E74D-4B8A-8F4F-C1B4763118BB}
		{09A9ED31-A2DC-4F33-ADAA-BD583993B6A1} = {51953520-E74D-4B8A-8F4F-C1B4763118BB}
	EndGlobalSection
	GlobalSection(ExtensibilityGlobals) = postSolution
		SolutionGuid = {712DB99A-E784-4CEE-9EEE-DD545A0236FF}
	EndGlobalSection
EndGlobal
